
Microsoft Visual Studio Solution File, Format Version 12.00
# Visual Studio Version 17
VisualStudioVersion = 17.14.36212.18 d17.14
MinimumVisualStudioVersion = 10.0.40219.1
Project("{FAE04EC0-301F-11D3-BF4B-00C04F79EFBC}") = "OOP-Session-Two", "OOP-Session-Two\OOP-Session-Two.csproj", "{AF09CE71-D425-477F-98E3-812705391EE0}"
EndProject
Global
	GlobalSection(SolutionConfigurationPlatforms) = preSolution
		Debug|Any CPU = Debug|Any CPU
		Release|Any CPU = Release|Any CPU
	EndGlobalSection
	GlobalSection(ProjectConfigurationPlatforms) = postSolution
		{AF09CE71-D425-477F-98E3-812705391EE0}.Debug|Any CPU.ActiveCfg = Debug|Any CPU
		{AF09CE71-D425-477F-98E3-812705391EE0}.Debug|Any CPU.Build.0 = Debug|Any CPU
		{AF09CE71-D425-477F-98E3-812705391EE0}.Release|Any CPU.ActiveCfg = Release|Any CPU
		{AF09CE71-D425-477F-98E3-812705391EE0}.Release|Any CPU.Build.0 = Release|Any CPU
	EndGlobalSection
	GlobalSection(SolutionProperties) = preSolution
		HideSolutionNode = FALSE
	EndGlobalSection
	GlobalSection(ExtensibilityGlobals) = postSolution
		SolutionGuid = {9443AB92-42EC-4F97-A1CB-203782F15EE5}
	EndGlobalSection
EndGlobal
